
Microsoft Visual Studio Solution File, Format Version 10.00
# Visual Studio 2008
Project("{FAE04EC0-301F-11D3-BF4B-00C04F79EFBC}") = "Kelly.SSOImport", "Kelly.SSOImport.csproj", "{3A623E7A-1A3D-484D-8D62-4FF6F15C7F54}"
EndProject
Global
	GlobalSection(SolutionConfigurationPlatforms) = preSolution
		Debug|Any CPU = Debug|Any CPU
		Release|Any CPU = Release|Any CPU
	EndGlobalSection
	GlobalSection(ProjectConfigurationPlatforms) = postSolution
		{3A623E7A-1A3D-484D-8D62-4FF6F15C7F54}.Debug|Any CPU.ActiveCfg = Debug|Any CPU
		{3A623E7A-1A3D-484D-8D62-4FF6F15C7F54}.Debug|Any CPU.Build.0 = Debug|Any CPU
		{3A623E7A-1A3D-484D-8D62-4FF6F15C7F54}.Release|Any CPU.ActiveCfg = Release|Any CPU
		{3A623E7A-1A3D-484D-8D62-4FF6F15C7F54}.Release|Any CPU.Build.0 = Release|Any CPU
	EndGlobalSection
	GlobalSection(SolutionProperties) = preSolution
		HideSolutionNode = FALSE
	EndGlobalSection
EndGlobal
